
Microsoft Visual Studio Solution File, Format Version 12.00
# Visual Studio Version 17
VisualStudioVersion = 17.14.36202.13 d17.14
MinimumVisualStudioVersion = 10.0.40219.1
Project("{FAE04EC0-301F-11D3-BF4B-00C04F79EFBC}") = "EmployeeManagementConsoleApp", "EmployeeManagementConsoleApp\EmployeeManagementConsoleApp.csproj", "{6C6D2789-46B5-435B-8CDE-8FF2F2F5054B}"
EndProject
Global
	GlobalSection(SolutionConfigurationPlatforms) = preSolution
		Debug|Any CPU = Debug|Any CPU
		Release|Any CPU = Release|Any CPU
	EndGlobalSection
	GlobalSection(ProjectConfigurationPlatforms) = postSolution
		{6C6D2789-46B5-435B-8CDE-8FF2F2F5054B}.Debug|Any CPU.ActiveCfg = Debug|Any CPU
		{6C6D2789-46B5-435B-8CDE-8FF2F2F5054B}.Debug|Any CPU.Build.0 = Debug|Any CPU
		{6C6D2789-46B5-435B-8CDE-8FF2F2F5054B}.Release|Any CPU.ActiveCfg = Release|Any CPU
		{6C6D2789-46B5-435B-8CDE-8FF2F2F5054B}.Release|Any CPU.Build.0 = Release|Any CPU
	EndGlobalSection
	GlobalSection(SolutionProperties) = preSolution
		HideSolutionNode = FALSE
	EndGlobalSection
	GlobalSection(ExtensibilityGlobals) = postSolution
		SolutionGuid = {6E209FC2-9EF6-4FC1-80F2-30B6C252E49C}
	EndGlobalSection
EndGlobal
